
Microsoft Visual Studio Solution File, Format Version 12.00
# Visual Studio 14
VisualStudioVersion = 14.0.24720.0
MinimumVisualStudioVersion = 10.0.40219.1
Project("{FAE04EC0-301F-11D3-BF4B-00C04F79EFBC}") = "AppleWirelessKeyboard", "AppleWirelessKeyboard\AppleWirelessKeyboard.csproj", "{9654B149-302A-4392-8F91-4202FA6E0AE4}"
EndProject
Project("{FAE04EC0-301F-11D3-BF4B-00C04F79EFBC}") = "AppleWirelessKeyboard.Tests", "AppleWirelessKeyboard.Tests\AppleWirelessKeyboard.Tests.csproj", "{625BC875-66AC-46A8-86BD-6796F7612051}"
EndProject
Global
	GlobalSection(Performance) = preSolution
		HasPerformanceSessions = true
	EndGlobalSection
	GlobalSection(SolutionConfigurationPlatforms) = preSolution
		Debug|Any CPU = Debug|Any CPU
		Debug|Mixed Platforms = Debug|Mixed Platforms
		Debug|x86 = Debug|x86
		Release|Any CPU = Release|Any CPU
		Release|Mixed Platforms = Release|Mixed Platforms
		Release|x86 = Release|x86
	EndGlobalSection
	GlobalSection(ProjectConfigurationPlatforms) = postSolution
		{9654B149-302A-4392-8F91-4202FA6E0AE4}.Debug|Any CPU.ActiveCfg = Debug|x86
		{9654B149-302A-4392-8F91-4202FA6E0AE4}.Debug|Mixed Platforms.ActiveCfg = Debug|x86
		{9654B149-302A-4392-8F91-4202FA6E0AE4}.Debug|Mixed Platforms.Build.0 = Debug|x86
		{9654B149-302A-4392-8F91-4202FA6E0AE4}.Debug|x86.ActiveCfg = Debug|x86
		{9654B149-302A-4392-8F91-4202FA6E0AE4}.Debug|x86.Build.0 = Debug|x86
		{9654B149-302A-4392-8F91-4202FA6E0AE4}.Release|Any CPU.ActiveCfg = Release|x86
		{9654B149-302A-4392-8F91-4202FA6E0AE4}.Release|Mixed Platforms.ActiveCfg = Release|x86
		{9654B149-302A-4392-8F91-4202FA6E0AE4}.Release|Mixed Platforms.Build.0 = Release|x86
		{9654B149-302A-4392-8F91-4202FA6E0AE4}.Release|x86.ActiveCfg = Release|x86
		{9654B149-302A-4392-8F91-4202FA6E0AE4}.Release|x86.Build.0 = Release|x86
		{625BC875-66AC-46A8-86BD-6796F7612051}.Debug|Any CPU.ActiveCfg = Debug|Any CPU
		{625BC875-66AC-46A8-86BD-6796F7612051}.Debug|Any CPU.Build.0 = Debug|Any CPU
		{625BC875-66AC-46A8-86BD-6796F7612051}.Debug|Mixed Platforms.ActiveCfg = Debug|Any CPU
		{625BC875-66AC-46A8-86BD-6796F7612051}.Debug|Mixed Platforms.Build.0 = Debug|Any CPU
		{625BC875-66AC-46A8-86BD-6796F7612051}.Debug|x86.ActiveCfg = Debug|Any CPU
		{625BC875-66AC-46A8-86BD-6796F7612051}.Release|Any CPU.ActiveCfg = Release|Any CPU
		{625BC875-66AC-46A8-86BD-6796F7612051}.Release|Any CPU.Build.0 = Release|Any CPU
		{625BC875-66AC-46A8-86BD-6796F7612051}.Release|Mixed Platforms.ActiveCfg = Release|Any CPU
		{625BC875-66AC-46A8-86BD-6796F7612051}.Release|Mixed Platforms.Build.0 = Release|Any CPU
		{625BC875-66AC-46A8-86BD-6796F7612051}.Release|x86.ActiveCfg = Release|Any CPU
	EndGlobalSection
	GlobalSection(SolutionProperties) = preSolution
		HideSolutionNode = FALSE
	EndGlobalSection
	GlobalSection(TeamFoundationVersionControl) = preSolution
		SccNumberOfProjects = 3
		SccEnterpriseProvider = {4CA58AB2-18FA-4F8D-95D4-32DDF27D184C}
		SccTeamFoundationServer = https://uxsoftcz.visualstudio.com/defaultcollection
		SccLocalPath0 = .
		SccProjectUniqueName1 = AppleWirelessKeyboard\\AppleWirelessKeyboard.csproj
		SccProjectName1 = AppleWirelessKeyboard
		SccLocalPath1 = AppleWirelessKeyboard
		SccProjectUniqueName2 = AppleWirelessKeyboard.Tests\\AppleWirelessKeyboard.Tests.csproj
		SccProjectName2 = AppleWirelessKeyboard.Tests
		SccLocalPath2 = AppleWirelessKeyboard.Tests
	EndGlobalSection
EndGlobal
