
Microsoft Visual Studio Solution File, Format Version 12.00
# Visual Studio Version 17
VisualStudioVersion = 17.0.31612.314
MinimumVisualStudioVersion = 10.0.40219.1
Project("{9A19103F-16F7-4668-BE54-9A1E7A4F7556}") = "AppleWirelessKeyboardCore", "AppleWirelessKeyboardCore\AppleWirelessKeyboardCore.csproj", "{9857F3D5-6D63-4530-B7E1-8F42A14C685E}"
EndProject
Project("{C7167F0D-BC9F-4E6E-AFE1-012C56B48DB5}") = "AppleWirelessKeyboard.Packaging", "AppleWirelessKeyboard.Packaging\AppleWirelessKeyboard.Packaging.wapproj", "{4E645910-1FA5-42CB-B129-2F0D72ED20C2}"
EndProject
Project("{FAE04EC0-301F-11D3-BF4B-00C04F79EFBC}") = "AppleWirelessKeyboard.PInvoke", "AppleWirelessKeyboard.PInvoke\AppleWirelessKeyboard.PInvoke.csproj", "{CFF0DBE0-CF70-4B3A-9DD2-F0212B7C46D8}"
EndProject
Global
	GlobalSection(SolutionConfigurationPlatforms) = preSolution
		Debug|Any CPU = Debug|Any CPU
		Debug|ARM = Debug|ARM
		Debug|ARM64 = Debug|ARM64
		Debug|Mixed Platforms = Debug|Mixed Platforms
		Debug|x64 = Debug|x64
		Debug|x86 = Debug|x86
		Release|Any CPU = Release|Any CPU
		Release|ARM = Release|ARM
		Release|ARM64 = Release|ARM64
		Release|Mixed Platforms = Release|Mixed Platforms
		Release|x64 = Release|x64
		Release|x86 = Release|x86
	EndGlobalSection
	GlobalSection(ProjectConfigurationPlatforms) = postSolution
		{9857F3D5-6D63-4530-B7E1-8F42A14C685E}.Debug|Any CPU.ActiveCfg = Debug|Any CPU
		{9857F3D5-6D63-4530-B7E1-8F42A14C685E}.Debug|Any CPU.Build.0 = Debug|Any CPU
		{9857F3D5-6D63-4530-B7E1-8F42A14C685E}.Debug|ARM.ActiveCfg = Debug|Any CPU
		{9857F3D5-6D63-4530-B7E1-8F42A14C685E}.Debug|ARM.Build.0 = Debug|Any CPU
		{9857F3D5-6D63-4530-B7E1-8F42A14C685E}.Debug|ARM64.ActiveCfg = Debug|Any CPU
		{9857F3D5-6D63-4530-B7E1-8F42A14C685E}.Debug|ARM64.Build.0 = Debug|Any CPU
		{9857F3D5-6D63-4530-B7E1-8F42A14C685E}.Debug|Mixed Platforms.ActiveCfg = Debug|Any CPU
		{9857F3D5-6D63-4530-B7E1-8F42A14C685E}.Debug|Mixed Platforms.Build.0 = Debug|Any CPU
		{9857F3D5-6D63-4530-B7E1-8F42A14C685E}.Debug|x64.ActiveCfg = Debug|Any CPU
		{9857F3D5-6D63-4530-B7E1-8F42A14C685E}.Debug|x64.Build.0 = Debug|Any CPU
		{9857F3D5-6D63-4530-B7E1-8F42A14C685E}.Debug|x86.ActiveCfg = Debug|Any CPU
		{9857F3D5-6D63-4530-B7E1-8F42A14C685E}.Debug|x86.Build.0 = Debug|Any CPU
		{9857F3D5-6D63-4530-B7E1-8F42A14C685E}.Release|Any CPU.ActiveCfg = Release|Any CPU
		{9857F3D5-6D63-4530-B7E1-8F42A14C685E}.Release|Any CPU.Build.0 = Release|Any CPU
		{9857F3D5-6D63-4530-B7E1-8F42A14C685E}.Release|ARM.ActiveCfg = Release|Any CPU
		{9857F3D5-6D63-4530-B7E1-8F42A14C685E}.Release|ARM.Build.0 = Release|Any CPU
		{9857F3D5-6D63-4530-B7E1-8F42A14C685E}.Release|ARM64.ActiveCfg = Release|Any CPU
		{9857F3D5-6D63-4530-B7E1-8F42A14C685E}.Release|ARM64.Build.0 = Release|Any CPU
		{9857F3D5-6D63-4530-B7E1-8F42A14C685E}.Release|Mixed Platforms.ActiveCfg = Release|Any CPU
		{9857F3D5-6D63-4530-B7E1-8F42A14C685E}.Release|Mixed Platforms.Build.0 = Release|Any CPU
		{9857F3D5-6D63-4530-B7E1-8F42A14C685E}.Release|x64.ActiveCfg = Release|Any CPU
		{9857F3D5-6D63-4530-B7E1-8F42A14C685E}.Release|x64.Build.0 = Release|Any CPU
		{9857F3D5-6D63-4530-B7E1-8F42A14C685E}.Release|x86.ActiveCfg = Release|Any CPU
		{9857F3D5-6D63-4530-B7E1-8F42A14C685E}.Release|x86.Build.0 = Release|Any CPU
		{4E645910-1FA5-42CB-B129-2F0D72ED20C2}.Debug|Any CPU.ActiveCfg = Debug|Any CPU
		{4E645910-1FA5-42CB-B129-2F0D72ED20C2}.Debug|Any CPU.Build.0 = Debug|Any CPU
		{4E645910-1FA5-42CB-B129-2F0D72ED20C2}.Debug|Any CPU.Deploy.0 = Debug|Any CPU
		{4E645910-1FA5-42CB-B129-2F0D72ED20C2}.Debug|ARM.ActiveCfg = Debug|ARM
		{4E645910-1FA5-42CB-B129-2F0D72ED20C2}.Debug|ARM.Build.0 = Debug|ARM
		{4E645910-1FA5-42CB-B129-2F0D72ED20C2}.Debug|ARM.Deploy.0 = Debug|ARM
		{4E645910-1FA5-42CB-B129-2F0D72ED20C2}.Debug|ARM64.ActiveCfg = Debug|ARM64
		{4E645910-1FA5-42CB-B129-2F0D72ED20C2}.Debug|ARM64.Build.0 = Debug|ARM64
		{4E645910-1FA5-42CB-B129-2F0D72ED20C2}.Debug|ARM64.Deploy.0 = Debug|ARM64
		{4E645910-1FA5-42CB-B129-2F0D72ED20C2}.Debug|Mixed Platforms.ActiveCfg = Debug|x86
		{4E645910-1FA5-42CB-B129-2F0D72ED20C2}.Debug|Mixed Platforms.Build.0 = Debug|x86
		{4E645910-1FA5-42CB-B129-2F0D72ED20C2}.Debug|Mixed Platforms.Deploy.0 = Debug|x86
		{4E645910-1FA5-42CB-B129-2F0D72ED20C2}.Debug|x64.ActiveCfg = Debug|x64
		{4E645910-1FA5-42CB-B129-2F0D72ED20C2}.Debug|x64.Build.0 = Debug|x64
		{4E645910-1FA5-42CB-B129-2F0D72ED20C2}.Debug|x64.Deploy.0 = Debug|x64
		{4E645910-1FA5-42CB-B129-2F0D72ED20C2}.Debug|x86.ActiveCfg = Release|x86
		{4E645910-1FA5-42CB-B129-2F0D72ED20C2}.Debug|x86.Build.0 = Release|x86
		{4E645910-1FA5-42CB-B129-2F0D72ED20C2}.Debug|x86.Deploy.0 = Release|x86
		{4E645910-1FA5-42CB-B129-2F0D72ED20C2}.Release|Any CPU.ActiveCfg = Release|Any CPU
		{4E645910-1FA5-42CB-B129-2F0D72ED20C2}.Release|Any CPU.Build.0 = Release|Any CPU
		{4E645910-1FA5-42CB-B129-2F0D72ED20C2}.Release|Any CPU.Deploy.0 = Release|Any CPU
		{4E645910-1FA5-42CB-B129-2F0D72ED20C2}.Release|ARM.ActiveCfg = Release|ARM
		{4E645910-1FA5-42CB-B129-2F0D72ED20C2}.Release|ARM.Build.0 = Release|ARM
		{4E645910-1FA5-42CB-B129-2F0D72ED20C2}.Release|ARM.Deploy.0 = Release|ARM
		{4E645910-1FA5-42CB-B129-2F0D72ED20C2}.Release|ARM64.ActiveCfg = Release|ARM64
		{4E645910-1FA5-42CB-B129-2F0D72ED20C2}.Release|ARM64.Build.0 = Release|ARM64
		{4E645910-1FA5-42CB-B129-2F0D72ED20C2}.Release|ARM64.Deploy.0 = Release|ARM64
		{4E645910-1FA5-42CB-B129-2F0D72ED20C2}.Release|Mixed Platforms.ActiveCfg = Release|x86
		{4E645910-1FA5-42CB-B129-2F0D72ED20C2}.Release|Mixed Platforms.Build.0 = Release|x86
		{4E645910-1FA5-42CB-B129-2F0D72ED20C2}.Release|Mixed Platforms.Deploy.0 = Release|x86
		{4E645910-1FA5-42CB-B129-2F0D72ED20C2}.Release|x64.ActiveCfg = Release|x64
		{4E645910-1FA5-42CB-B129-2F0D72ED20C2}.Release|x64.Build.0 = Release|x64
		{4E645910-1FA5-42CB-B129-2F0D72ED20C2}.Release|x64.Deploy.0 = Release|x64
		{4E645910-1FA5-42CB-B129-2F0D72ED20C2}.Release|x86.ActiveCfg = Release|x86
		{4E645910-1FA5-42CB-B129-2F0D72ED20C2}.Release|x86.Build.0 = Release|x86
		{4E645910-1FA5-42CB-B129-2F0D72ED20C2}.Release|x86.Deploy.0 = Release|x86
		{CFF0DBE0-CF70-4B3A-9DD2-F0212B7C46D8}.Debug|Any CPU.ActiveCfg = Debug|Any CPU
		{CFF0DBE0-CF70-4B3A-9DD2-F0212B7C46D8}.Debug|Any CPU.Build.0 = Debug|Any CPU
		{CFF0DBE0-CF70-4B3A-9DD2-F0212B7C46D8}.Debug|ARM.ActiveCfg = Debug|Any CPU
		{CFF0DBE0-CF70-4B3A-9DD2-F0212B7C46D8}.Debug|ARM.Build.0 = Debug|Any CPU
		{CFF0DBE0-CF70-4B3A-9DD2-F0212B7C46D8}.Debug|ARM64.ActiveCfg = Debug|Any CPU
		{CFF0DBE0-CF70-4B3A-9DD2-F0212B7C46D8}.Debug|ARM64.Build.0 = Debug|Any CPU
		{CFF0DBE0-CF70-4B3A-9DD2-F0212B7C46D8}.Debug|Mixed Platforms.ActiveCfg = Debug|Any CPU
		{CFF0DBE0-CF70-4B3A-9DD2-F0212B7C46D8}.Debug|Mixed Platforms.Build.0 = Debug|Any CPU
		{CFF0DBE0-CF70-4B3A-9DD2-F0212B7C46D8}.Debug|x64.ActiveCfg = Debug|Any CPU
		{CFF0DBE0-CF70-4B3A-9DD2-F0212B7C46D8}.Debug|x64.Build.0 = Debug|Any CPU
		{CFF0DBE0-CF70-4B3A-9DD2-F0212B7C46D8}.Debug|x86.ActiveCfg = Debug|Any CPU
		{CFF0DBE0-CF70-4B3A-9DD2-F0212B7C46D8}.Debug|x86.Build.0 = Debug|Any CPU
		{CFF0DBE0-CF70-4B3A-9DD2-F0212B7C46D8}.Release|Any CPU.ActiveCfg = Release|Any CPU
		{CFF0DBE0-CF70-4B3A-9DD2-F0212B7C46D8}.Release|Any CPU.Build.0 = Release|Any CPU
		{CFF0DBE0-CF70-4B3A-9DD2-F0212B7C46D8}.Release|ARM.ActiveCfg = Release|Any CPU
		{CFF0DBE0-CF70-4B3A-9DD2-F0212B7C46D8}.Release|ARM.Build.0 = Release|Any CPU
		{CFF0DBE0-CF70-4B3A-9DD2-F0212B7C46D8}.Release|ARM64.ActiveCfg = Release|Any CPU
		{CFF0DBE0-CF70-4B3A-9DD2-F0212B7C46D8}.Release|ARM64.Build.0 = Release|Any CPU
		{CFF0DBE0-CF70-4B3A-9DD2-F0212B7C46D8}.Release|Mixed Platforms.ActiveCfg = Release|Any CPU
		{CFF0DBE0-CF70-4B3A-9DD2-F0212B7C46D8}.Release|Mixed Platforms.Build.0 = Release|Any CPU
		{CFF0DBE0-CF70-4B3A-9DD2-F0212B7C46D8}.Release|x64.ActiveCfg = Release|Any CPU
		{CFF0DBE0-CF70-4B3A-9DD2-F0212B7C46D8}.Release|x64.Build.0 = Release|Any CPU
		{CFF0DBE0-CF70-4B3A-9DD2-F0212B7C46D8}.Release|x86.ActiveCfg = Release|Any CPU
		{CFF0DBE0-CF70-4B3A-9DD2-F0212B7C46D8}.Release|x86.Build.0 = Release|Any CPU
	EndGlobalSection
	GlobalSection(SolutionProperties) = preSolution
		HideSolutionNode = FALSE
	EndGlobalSection
	GlobalSection(ExtensibilityGlobals) = postSolution
		SolutionGuid = {323B22A3-0935-4D9E-AC3A-28B610E0D93A}
	EndGlobalSection
EndGlobal
